{
  "nodes": {
    "fabric": {
      "inputs": {
        "nixpkgs": [
          "nixpkgs"
        ],
        "utils": "utils"
      },
      "locked": {
        "lastModified": 1733507405,
        "narHash": "sha256-VcR7JzYsGOWLjguvWw4cUrUpJpGH1+egoUxXKgTb0HE=",
        "owner": "muhchaudhary",
        "repo": "fabric",
        "rev": "04380b794ec487b77f210ed5a8ba9dfa2742679c",
        "type": "github"
      },
      "original": {
        "owner": "muhchaudhary",
        "repo": "fabric",
        "type": "github"
      }
    },
    "fabric-libglace": {
      "inputs": {
        "nixpkgs": [
          "nixpkgs"
        ]
      },
      "locked": {
        "lastModified": 1733505283,
        "narHash": "sha256-/Ij3l6pnfd2woiDYYztM18+9CKpem3G8Bzp/T+X7ca4=",
        "owner": "muhchaudhary",
        "repo": "glace",
        "rev": "f59957275a4679ce148a56d01d68f0d19aa4ac2f",
        "type": "github"
      },
      "original": {
        "owner": "muhchaudhary",
        "repo": "glace",
        "type": "github"
      }
    },
    "fabric-libgray": {
      "inputs": {
        "nixpkgs": [
          "nixpkgs"
        ]
      },
      "locked": {
        "lastModified": 1718805815,
        "narHash": "sha256-w5ys+A2uH6CRiJ+x28xFZ/aIJl2epH+myOdAzpzH9Zg=",
        "owner": "Fabric-Development",
        "repo": "gray",
        "rev": "cb5b84f14fddb3d89754d8be191e28834a575fc1",
        "type": "github"
      },
      "original": {
        "owner": "Fabric-Development",
        "repo": "gray",
        "type": "github"
      }
    },
    "nixpkgs": {
      "locked": {
        "lastModified": 1733392399,
        "narHash": "sha256-kEsTJTUQfQFIJOcLYFt/RvNxIK653ZkTBIs4DG+cBns=",
        "owner": "NixOS",
        "repo": "nixpkgs",
        "rev": "d0797a04b81caeae77bcff10a9dde78bc17f5661",
        "type": "github"
      },
      "original": {
        "owner": "NixOS",
        "ref": "nixos-unstable",
        "repo": "nixpkgs",
        "type": "github"
      }
    },
    "root": {
      "inputs": {
        "fabric": "fabric",
        "fabric-libglace": "fabric-libglace",
        "fabric-libgray": "fabric-libgray",
        "nixpkgs": "nixpkgs",
        "utils": "utils_2"
      }
    },
    "systems": {
      "locked": {
        "lastModified": 1681028828,
        "narHash": "sha256-Vy1rq5AaRuLzOxct8nz4T6wlgyUR7zLU309k9mBC768=",
        "owner": "nix-systems",
        "repo": "default",
        "rev": "da67096a3b9bf56a91d16901293e51ba5b49a27e",
        "type": "github"
      },
      "original": {
        "owner": "nix-systems",
        "repo": "default",
        "type": "github"
      }
    },
    "systems_2": {
      "locked": {
        "lastModified": 1681028828,
        "narHash": "sha256-Vy1rq5AaRuLzOxct8nz4T6wlgyUR7zLU309k9mBC768=",
        "owner": "nix-systems",
        "repo": "default",
        "rev": "da67096a3b9bf56a91d16901293e51ba5b49a27e",
        "type": "github"
      },
      "original": {
        "owner": "nix-systems",
        "repo": "default",
        "type": "github"
      }
    },
    "utils": {
      "inputs": {
        "systems": "systems"
      },
      "locked": {
        "lastModified": 1731533236,
        "narHash": "sha256-l0KFg5HjrsfsO/JpG+r7fRrqm12kzFHyUHqHCVpMMbI=",
        "owner": "numtide",
        "repo": "flake-utils",
        "rev": "11707dc2f618dd54ca8739b309ec4fc024de578b",
        "type": "github"
      },
      "original": {
        "owner": "numtide",
        "repo": "flake-utils",
        "type": "github"
      }
    },
    "utils_2": {
      "inputs": {
        "systems": "systems_2"
      },
      "locked": {
        "lastModified": 1731533236,
        "narHash": "sha256-l0KFg5HjrsfsO/JpG+r7fRrqm12kzFHyUHqHCVpMMbI=",
        "owner": "numtide",
        "repo": "flake-utils",
        "rev": "11707dc2f618dd54ca8739b309ec4fc024de578b",
        "type": "github"
      },
      "original": {
        "owner": "numtide",
        "repo": "flake-utils",
        "type": "github"
      }
    }
  },
  "root": "root",
  "version": 7
}
