{
  "nodes": {
    "astal-notifd": {
      "inputs": {
        "nixpkgs": "nixpkgs"
      },
      "locked": {
        "lastModified": 1716329247,
        "narHash": "sha256-+vnP972+67e6ROngluwT3uTF8/luTsBglH4WgurSJc8=",
        "owner": "astal-sh",
        "repo": "notifd",
        "rev": "297126f9c85dca14570dc5af29697aae10a65a8f",
        "type": "github"
      },
      "original": {
        "owner": "astal-sh",
        "repo": "notifd",
        "type": "github"
      }
    },
    "gtk-session-lock": {
      "inputs": {
        "nixpkgs": "nixpkgs_2"
      },
      "locked": {
        "lastModified": 1712778835,
        "narHash": "sha256-SHKAYmdev08oRB/V6UpfSFqYwplF59IaNSOoWcACPig=",
        "owner": "Cu3PO42",
        "repo": "gtk-session-lock",
        "rev": "b3544f361498d716b1ceef1ad6ac9bdf024bf782",
        "type": "github"
      },
      "original": {
        "owner": "Cu3PO42",
        "repo": "gtk-session-lock",
        "type": "github"
      }
    },
    "nixpkgs": {
      "locked": {
        "lastModified": 1716137900,
        "narHash": "sha256-sowPU+tLQv8GlqtVtsXioTKeaQvlMz/pefcdwg8MvfM=",
        "owner": "nixos",
        "repo": "nixpkgs",
        "rev": "6c0b7a92c30122196a761b440ac0d46d3d9954f1",
        "type": "github"
      },
      "original": {
        "owner": "nixos",
        "ref": "nixos-unstable",
        "repo": "nixpkgs",
        "type": "github"
      }
    },
    "nixpkgs_2": {
      "locked": {
        "lastModified": 1713537308,
        "narHash": "sha256-XtTSSIB2DA6tOv+l0FhvfDMiyCmhoRbNB+0SeInZkbk=",
        "owner": "nixos",
        "repo": "nixpkgs",
        "rev": "5c24cf2f0a12ad855f444c30b2421d044120c66f",
        "type": "github"
      },
      "original": {
        "owner": "nixos",
        "ref": "nixos-unstable",
        "repo": "nixpkgs",
        "type": "github"
      }
    },
    "nixpkgs_3": {
      "locked": {
        "lastModified": 1713562564,
        "narHash": "sha256-NQpYhgoy0M89g9whRixSwsHb8RFIbwlxeYiVSDwSXJg=",
        "owner": "NixOS",
        "repo": "nixpkgs",
        "rev": "92d295f588631b0db2da509f381b4fb1e74173c5",
        "type": "github"
      },
      "original": {
        "owner": "NixOS",
        "ref": "nixpkgs-unstable",
        "repo": "nixpkgs",
        "type": "github"
      }
    },
    "root": {
      "inputs": {
        "astal-notifd": "astal-notifd",
        "gtk-session-lock": "gtk-session-lock",
        "nixpkgs": "nixpkgs_3",
        "systems": "systems"
      }
    },
    "systems": {
      "locked": {
        "lastModified": 1681028828,
        "narHash": "sha256-Vy1rq5AaRuLzOxct8nz4T6wlgyUR7zLU309k9mBC768=",
        "owner": "nix-systems",
        "repo": "default",
        "rev": "da67096a3b9bf56a91d16901293e51ba5b49a27e",
        "type": "github"
      },
      "original": {
        "owner": "nix-systems",
        "repo": "default",
        "type": "github"
      }
    }
  },
  "root": "root",
  "version": 7
}
